
Microsoft Visual Studio Solution File, Format Version 12.00
# Visual Studio Version 17
VisualStudioVersion = 17.3.32825.248
MinimumVisualStudioVersion = 10.0.40219.1
Project("{FAE04EC0-301F-11D3-BF4B-00C04F79EFBC}") = "SuperHeroAPI", "SuperHeroAPI.csproj", "{FC603689-22A7-4FF6-8009-DC531D3DECE9}"
EndProject
Global
	GlobalSection(SolutionConfigurationPlatforms) = preSolution
		Debug|Any CPU = Debug|Any CPU
		Release|Any CPU = Release|Any CPU
	EndGlobalSection
	GlobalSection(ProjectConfigurationPlatforms) = postSolution
		{FC603689-22A7-4FF6-8009-DC531D3DECE9}.Debug|Any CPU.ActiveCfg = Debug|Any CPU
		{FC603689-22A7-4FF6-8009-DC531D3DECE9}.Debug|Any CPU.Build.0 = Debug|Any CPU
		{FC603689-22A7-4FF6-8009-DC531D3DECE9}.Release|Any CPU.ActiveCfg = Release|Any CPU
		{FC603689-22A7-4FF6-8009-DC531D3DECE9}.Release|Any CPU.Build.0 = Release|Any CPU
	EndGlobalSection
	GlobalSection(SolutionProperties) = preSolution
		HideSolutionNode = FALSE
	EndGlobalSection
	GlobalSection(ExtensibilityGlobals) = postSolution
		SolutionGuid = {C5F442E2-5F64-4FB5-A122-A56E3F8FE5F2}
	EndGlobalSection
EndGlobal
